
Microsoft Visual Studio Solution File, Format Version 12.00
# Visual Studio Version 17
VisualStudioVersion = 17.8.34330.188
MinimumVisualStudioVersion = 10.0.40219.1
Project("{FAE04EC0-301F-11D3-BF4B-00C04F79EFBC}") = "WebAppOne", "WebAppOne\WebAppOne.csproj", "{9FBA54FB-5A6F-4508-8173-C5E171775467}"
EndProject
Global
	GlobalSection(SolutionConfigurationPlatforms) = preSolution
		Debug|Any CPU = Debug|Any CPU
		Release|Any CPU = Release|Any CPU
	EndGlobalSection
	GlobalSection(ProjectConfigurationPlatforms) = postSolution
		{9FBA54FB-5A6F-4508-8173-C5E171775467}.Debug|Any CPU.ActiveCfg = Debug|Any CPU
		{9FBA54FB-5A6F-4508-8173-C5E171775467}.Debug|Any CPU.Build.0 = Debug|Any CPU
		{9FBA54FB-5A6F-4508-8173-C5E171775467}.Release|Any CPU.ActiveCfg = Release|Any CPU
		{9FBA54FB-5A6F-4508-8173-C5E171775467}.Release|Any CPU.Build.0 = Release|Any CPU
	EndGlobalSection
	GlobalSection(SolutionProperties) = preSolution
		HideSolutionNode = FALSE
	EndGlobalSection
	GlobalSection(ExtensibilityGlobals) = postSolution
		SolutionGuid = {3C75C4E3-D621-44C7-9E4D-9BF3C5659F65}
	EndGlobalSection
EndGlobal
